# THIS IS AN AUTOGENERATED FILE. DO NOT EDIT THIS FILE DIRECTLY.
# yarn lockfile v1


ele-utility@^1.1.7:
  version "1.1.7"
  resolved "https://registry.npmjs.org/ele-utility/-/ele-utility-1.1.7.tgz#c6d6af7222d2f4e1592fca8ad83ce3762fa51067"
  integrity sha512-htT/TUgGIOifbjmdZ00sVtGLvI4tZXu2w2kgO/mj6mfoXAy8fYYxqjLFNO5LokovxbjtKTkXoQcknt0iSa1JsQ==
