# THIS IS AN AUTOGENERATED FILE. DO NOT EDIT THIS FILE DIRECTLY.
# yarn lockfile v1


ele-utility@^1.0.17:
  version "1.0.17"
  resolved "https://registry.yarnpkg.com/ele-utility/-/ele-utility-1.0.17.tgz#8b878478f4a399e404ccd645423d9cb7caa4f1ce"
  integrity sha512-5wHcdUHr5QdcW65nGMvsqpaZCpYf6fZYZGJbSudotuH3oCXoDRiRJeCBd5hkFUjp6IEEhRr3467eOQ14zCMdvw==
