# THIS IS AN AUTOGENERATED FILE. DO NOT EDIT THIS FILE DIRECTLY.
# yarn lockfile v1


ele-utility@^1.1.10:
  version "1.1.10"
  resolved "https://registry.yarnpkg.com/ele-utility/-/ele-utility-1.1.10.tgz#e6e2df9731cbdd50f6f426700c69421651d87cb6"
  integrity sha512-w/V/mE14K+0aPN1ffj+W7xfIyz+nzZl7gmLz84AYIzkc6zBjhZui4xDV03NE3sVo4h3pXXT3bNf2n0IALTO1Iw==
